Microsoft Visual Studio Solution File, Format Version 12.00
# Visual Studio 2012
Project("{FAE04EC0-301F-11D3-BF4B-00C04F79EFBC}") = "UserInterface", "UserInterface\UserInterface.csproj", "{4CE80A85-A569-4A36-AE27-7DBC546EE47C}"
EndProject
Project("{FAE04EC0-301F-11D3-BF4B-00C04F79EFBC}") = "LanguageProcessor", "LanguageProcessor\LanguageProcessor.csproj", "{E833CE8B-101D-46B7-A941-E54350455C74}"
EndProject
Project("{FAE04EC0-301F-11D3-BF4B-00C04F79EFBC}") = "PMachine", "PMachine\PMachine.csproj", "{72CCFCB6-5ECB-4E84-86AB-3ED76881ECFB}"
EndProject
Global
	GlobalSection(SolutionConfigurationPlatforms) = preSolution
		Debug|Any CPU = Debug|Any CPU
		Release|Any CPU = Release|Any CPU
	EndGlobalSection
	GlobalSection(ProjectConfigurationPlatforms) = postSolution
		{4CE80A85-A569-4A36-AE27-7DBC546EE47C}.Debug|Any CPU.ActiveCfg = Debug|Any CPU
		{4CE80A85-A569-4A36-AE27-7DBC546EE47C}.Debug|Any CPU.Build.0 = Debug|Any CPU
		{4CE80A85-A569-4A36-AE27-7DBC546EE47C}.Release|Any CPU.ActiveCfg = Release|Any CPU
		{4CE80A85-A569-4A36-AE27-7DBC546EE47C}.Release|Any CPU.Build.0 = Release|Any CPU
		{E833CE8B-101D-46B7-A941-E54350455C74}.Debug|Any CPU.ActiveCfg = Debug|Any CPU
		{E833CE8B-101D-46B7-A941-E54350455C74}.Debug|Any CPU.Build.0 = Debug|Any CPU
		{E833CE8B-101D-46B7-A941-E54350455C74}.Release|Any CPU.ActiveCfg = Release|Any CPU
		{E833CE8B-101D-46B7-A941-E54350455C74}.Release|Any CPU.Build.0 = Release|Any CPU
		{72CCFCB6-5ECB-4E84-86AB-3ED76881ECFB}.Debug|Any CPU.ActiveCfg = Debug|Any CPU
		{72CCFCB6-5ECB-4E84-86AB-3ED76881ECFB}.Debug|Any CPU.Build.0 = Debug|Any CPU
		{72CCFCB6-5ECB-4E84-86AB-3ED76881ECFB}.Release|Any CPU.ActiveCfg = Release|Any CPU
		{72CCFCB6-5ECB-4E84-86AB-3ED76881ECFB}.Release|Any CPU.Build.0 = Release|Any CPU
	EndGlobalSection
	GlobalSection(SolutionProperties) = preSolution
		HideSolutionNode = FALSE
	EndGlobalSection
EndGlobal
